// !$*UTF8*$!
{
	archiveVersion = 1;
	classes = {
	};
	objectVersion = 55;
	objects = {

/* Begin PBXBuildFile section */
		6E9844EC2899DFC800AC542D /* EmeraldTableViewTableViewCell.swift in Sources */ = {isa = PBXBuildFile; fileRef = 6E9844EB2899DFC800AC542D /* EmeraldTableViewTableViewCell.swift */; };
		6E9844EE2899E08300AC542D /* EmeraldModel.swift in Sources */ = {isa = PBXBuildFile; fileRef = 6E9844ED2899E08300AC542D /* EmeraldModel.swift */; };
		6E9844F0289B15C800AC542D /* EmeraldDetailViewController.swift in Sources */ = {isa = PBXBuildFile; fileRef = 6E9844EF289B15C700AC542D /* EmeraldDetailViewController.swift */; };
		6ED56DCD289497AC0040D2B1 /* AppDelegate.swift in Sources */ = {isa = PBXBuildFile; fileRef = 6ED56DCC289497AC0040D2B1 /* AppDelegate.swift */; };
		6ED56DCF289497AC0040D2B1 /* SceneDelegate.swift in Sources */ = {isa = PBXBuildFile; fileRef = 6ED56DCE289497AC0040D2B1 /* SceneDelegate.swift */; };
		6ED56DD1289497AC0040D2B1 /* MainViewController.swift in Sources */ = {isa = PBXBuildFile; fileRef = 6ED56DD0289497AC0040D2B1 /* MainViewController.swift */; };
		6ED56DD4289497AC0040D2B1 /* Main.storyboard in Resources */ = {isa = PBXBuildFile; fileRef = 6ED56DD2289497AC0040D2B1 /* Main.storyboard */; };
		6ED56DD7289497AC0040D2B1 /* sonicSega.xcdatamodeld in Sources */ = {isa = PBXBuildFile; fileRef = 6ED56DD5289497AC0040D2B1 /* sonicSega.xcdatamodeld */; };
		6ED56DD9289497B40040D2B1 /* Assets.xcassets in Resources */ = {isa = PBXBuildFile; fileRef = 6ED56DD8289497B40040D2B1 /* Assets.xcassets */; };
		6ED56DDC289497B40040D2B1 /* LaunchScreen.storyboard in Resources */ = {isa = PBXBuildFile; fileRef = 6ED56DDA289497B40040D2B1 /* LaunchScreen.storyboard */; };
		6ED56DE7289497B40040D2B1 /* sonicSegaTests.swift in Sources */ = {isa = PBXBuildFile; fileRef = 6ED56DE6289497B40040D2B1 /* sonicSegaTests.swift */; };
		6ED56DF1289497B50040D2B1 /* sonicSegaUITests.swift in Sources */ = {isa = PBXBuildFile; fileRef = 6ED56DF0289497B50040D2B1 /* sonicSegaUITests.swift */; };
		6ED56DF3289497B50040D2B1 /* sonicSegaUITestsLaunchTests.swift in Sources */ = {isa = PBXBuildFile; fileRef = 6ED56DF2289497B50040D2B1 /* sonicSegaUITestsLaunchTests.swift */; };
		6ED56E002895A3C60040D2B1 /* ActsViewController.swift in Sources */ = {isa = PBXBuildFile; fileRef = 6ED56DFF2895A3C60040D2B1 /* ActsViewController.swift */; };
		6ED56E022895A3E50040D2B1 /* ItemsViewController.swift in Sources */ = {isa = PBXBuildFile; fileRef = 6ED56E012895A3E50040D2B1 /* ItemsViewController.swift */; };
		6ED56E042895A40E0040D2B1 /* EmeraldsViewController.swift in Sources */ = {isa = PBXBuildFile; fileRef = 6ED56E032895A40E0040D2B1 /* EmeraldsViewController.swift */; };
		6EDF2AE628A0616D009063C1 /* Emerald+Service.swift in Sources */ = {isa = PBXBuildFile; fileRef = 6EDF2AE528A0616D009063C1 /* Emerald+Service.swift */; };
		6EDF2AE928A18AE9009063C1 /* ActsModel.swift in Sources */ = {isa = PBXBuildFile; fileRef = 6EDF2AE828A18AE9009063C1 /* ActsModel.swift */; };
		6EDF2AEB28A18B80009063C1 /* Acts+Service.swift in Sources */ = {isa = PBXBuildFile; fileRef = 6EDF2AEA28A18B80009063C1 /* Acts+Service.swift */; };
		6EDF2AED28A195AD009063C1 /* ActsTableViewCell.swift in Sources */ = {isa = PBXBuildFile; fileRef = 6EDF2AEC28A195AD009063C1 /* ActsTableViewCell.swift */; };
		6EDF2AEF28A19BFD009063C1 /* ActsDetailViewController.swift in Sources */ = {isa = PBXBuildFile; fileRef = 6EDF2AEE28A19BFD009063C1 /* ActsDetailViewController.swift */; };
/* End PBXBuildFile section */

/* Begin PBXContainerItemProxy section */
		6ED56DE3289497B40040D2B1 /* PBXContainerItemProxy */ = {
			isa = PBXContainerItemProxy;
			containerPortal = 6ED56DC1289497AB0040D2B1 /* Project object */;
			proxyType = 1;
			remoteGlobalIDString = 6ED56DC8289497AC0040D2B1;
			remoteInfo = sonicSega;
		};
		6ED56DED289497B50040D2B1 /* PBXContainerItemProxy */ = {
			isa = PBXContainerItemProxy;
			containerPortal = 6ED56DC1289497AB0040D2B1 /* Project object */;
			proxyType = 1;
			remoteGlobalIDString = 6ED56DC8289497AC0040D2B1;
			remoteInfo = sonicSega;
		};
/* End PBXContainerItemProxy section */

/* Begin PBXFileReference section */
		6E9844EB2899DFC800AC542D /* EmeraldTableViewTableViewCell.swift */ = {isa = PBXFileReference; lastKnownFileType = sourcecode.swift; path = EmeraldTableViewTableViewCell.swift; sourceTree = "<group>"; };
		6E9844ED2899E08300AC542D /* EmeraldModel.swift */ = {isa = PBXFileReference; lastKnownFileType = sourcecode.swift; path = EmeraldModel.swift; sourceTree = "<group>"; };
		6E9844EF289B15C700AC542D /* EmeraldDetailViewController.swift */ = {isa = PBXFileReference; lastKnownFileType = sourcecode.swift; path = EmeraldDetailViewController.swift; sourceTree = "<group>"; };
		6ED56DC9289497AC0040D2B1 /* sonicSega.app */ = {isa = PBXFileReference; explicitFileType = wrapper.application; includeInIndex = 0; path = sonicSega.app; sourceTree = BUILT_PRODUCTS_DIR; };
		6ED56DCC289497AC0040D2B1 /* AppDelegate.swift */ = {isa = PBXFileReference; lastKnownFileType = sourcecode.swift; path = AppDelegate.swift; sourceTree = "<group>"; };
		6ED56DCE289497AC0040D2B1 /* SceneDelegate.swift */ = {isa = PBXFileReference; lastKnownFileType = sourcecode.swift; path = SceneDelegate.swift; sourceTree = "<group>"; };
		6ED56DD0289497AC0040D2B1 /* MainViewController.swift */ = {isa = PBXFileReference; lastKnownFileType = sourcecode.swift; path = MainViewController.swift; sourceTree = "<group>"; };
		6ED56DD3289497AC0040D2B1 /* Base */ = {isa = PBXFileReference; lastKnownFileType = file.storyboard; name = Base; path = Base.lproj/Main.storyboard; sourceTree = "<group>"; };
		6ED56DD6289497AC0040D2B1 /* sonicSega.xcdatamodel */ = {isa = PBXFileReference; lastKnownFileType = wrapper.xcdatamodel; path = sonicSega.xcdatamodel; sourceTree = "<group>"; };
		6ED56DD8289497B40040D2B1 /* Assets.xcassets */ = {isa = PBXFileReference; lastKnownFileType = folder.assetcatalog; path = Assets.xcassets; sourceTree = "<group>"; };
		6ED56DDB289497B40040D2B1 /* Base */ = {isa = PBXFileReference; lastKnownFileType = file.storyboard; name = Base; path = Base.lproj/LaunchScreen.storyboard; sourceTree = "<group>"; };
		6ED56DDD289497B40040D2B1 /* Info.plist */ = {isa = PBXFileReference; lastKnownFileType = text.plist.xml; path = Info.plist; sourceTree = "<group>"; };
		6ED56DE2289497B40040D2B1 /* sonicSegaTests.xctest */ = {isa = PBXFileReference; explicitFileType = wrapper.cfbundle; includeInIndex = 0; path = sonicSegaTests.xctest; sourceTree = BUILT_PRODUCTS_DIR; };
		6ED56DE6289497B40040D2B1 /* sonicSegaTests.swift */ = {isa = PBXFileReference; lastKnownFileType = sourcecode.swift; path = sonicSegaTests.swift; sourceTree = "<group>"; };
		6ED56DEC289497B50040D2B1 /* sonicSegaUITests.xctest */ = {isa = PBXFileReference; explicitFileType = wrapper.cfbundle; includeInIndex = 0; path = sonicSegaUITests.xctest; sourceTree = BUILT_PRODUCTS_DIR; };
		6ED56DF0289497B50040D2B1 /* sonicSegaUITests.swift */ = {isa = PBXFileReference; lastKnownFileType = sourcecode.swift; path = sonicSegaUITests.swift; sourceTree = "<group>"; };
		6ED56DF2289497B50040D2B1 /* sonicSegaUITestsLaunchTests.swift */ = {isa = PBXFileReference; lastKnownFileType = sourcecode.swift; path = sonicSegaUITestsLaunchTests.swift; sourceTree = "<group>"; };
		6ED56DFF2895A3C60040D2B1 /* ActsViewController.swift */ = {isa = PBXFileReference; lastKnownFileType = sourcecode.swift; path = ActsViewController.swift; sourceTree = "<group>"; };
		6ED56E012895A3E50040D2B1 /* ItemsViewController.swift */ = {isa = PBXFileReference; lastKnownFileType = sourcecode.swift; path = ItemsViewController.swift; sourceTree = "<group>"; };
		6ED56E032895A40E0040D2B1 /* EmeraldsViewController.swift */ = {isa = PBXFileReference; lastKnownFileType = sourcecode.swift; path = EmeraldsViewController.swift; sourceTree = "<group>"; };
		6EDF2AE528A0616D009063C1 /* Emerald+Service.swift */ = {isa = PBXFileReference; lastKnownFileType = sourcecode.swift; path = "Emerald+Service.swift"; sourceTree = "<group>"; };
		6EDF2AE828A18AE9009063C1 /* ActsModel.swift */ = {isa = PBXFileReference; lastKnownFileType = sourcecode.swift; path = ActsModel.swift; sourceTree = "<group>"; };
		6EDF2AEA28A18B80009063C1 /* Acts+Service.swift */ = {isa = PBXFileReference; lastKnownFileType = sourcecode.swift; path = "Acts+Service.swift"; sourceTree = "<group>"; };
		6EDF2AEC28A195AD009063C1 /* ActsTableViewCell.swift */ = {isa = PBXFileReference; lastKnownFileType = sourcecode.swift; path = ActsTableViewCell.swift; sourceTree = "<group>"; };
		6EDF2AEE28A19BFD009063C1 /* ActsDetailViewController.swift */ = {isa = PBXFileReference; lastKnownFileType = sourcecode.swift; path = ActsDetailViewController.swift; sourceTree = "<group>"; };
/* End PBXFileReference section */

/* Begin PBXFrameworksBuildPhase section */
		6ED56DC6289497AC0040D2B1 /* Frameworks */ = {
			isa = PBXFrameworksBuildPhase;
			buildActionMask = 2147483647;
			files = (
			);
			runOnlyForDeploymentPostprocessing = 0;
		};
		6ED56DDF289497B40040D2B1 /* Frameworks */ = {
			isa = PBXFrameworksBuildPhase;
			buildActionMask = 2147483647;
			files = (
			);
			runOnlyForDeploymentPostprocessing = 0;
		};
		6ED56DE9289497B50040D2B1 /* Frameworks */ = {
			isa = PBXFrameworksBuildPhase;
			buildActionMask = 2147483647;
			files = (
			);
			runOnlyForDeploymentPostprocessing = 0;
		};
/* End PBXFrameworksBuildPhase section */

/* Begin PBXGroup section */
		6ED56DC0289497AB0040D2B1 = {
			isa = PBXGroup;
			children = (
				6ED56DCB289497AC0040D2B1 /* sonicSega */,
				6ED56DE5289497B40040D2B1 /* sonicSegaTests */,
				6ED56DEF289497B50040D2B1 /* sonicSegaUITests */,
				6ED56DCA289497AC0040D2B1 /* Products */,
			);
			sourceTree = "<group>";
		};
		6ED56DCA289497AC0040D2B1 /* Products */ = {
			isa = PBXGroup;
			children = (
				6ED56DC9289497AC0040D2B1 /* sonicSega.app */,
				6ED56DE2289497B40040D2B1 /* sonicSegaTests.xctest */,
				6ED56DEC289497B50040D2B1 /* sonicSegaUITests.xctest */,
			);
			name = Products;
			sourceTree = "<group>";
		};
		6ED56DCB289497AC0040D2B1 /* sonicSega */ = {
			isa = PBXGroup;
			children = (
				6ED56E052895A41B0040D2B1 /* Views */,
				6ED56DCC289497AC0040D2B1 /* AppDelegate.swift */,
				6ED56DCE289497AC0040D2B1 /* SceneDelegate.swift */,
				6ED56DD2289497AC0040D2B1 /* Main.storyboard */,
				6ED56DD8289497B40040D2B1 /* Assets.xcassets */,
				6ED56DDA289497B40040D2B1 /* LaunchScreen.storyboard */,
				6ED56DDD289497B40040D2B1 /* Info.plist */,
				6ED56DD5289497AC0040D2B1 /* sonicSega.xcdatamodeld */,
				6E9844EB2899DFC800AC542D /* EmeraldTableViewTableViewCell.swift */,
				6EDF2AE728A18A6B009063C1 /* Model+Services */,
				6EDF2AEC28A195AD009063C1 /* ActsTableViewCell.swift */,
			);
			path = sonicSega;
			sourceTree = "<group>";
		};
		6ED56DE5289497B40040D2B1 /* sonicSegaTests */ = {
			isa = PBXGroup;
			children = (
				6ED56DE6289497B40040D2B1 /* sonicSegaTests.swift */,
			);
			path = sonicSegaTests;
			sourceTree = "<group>";
		};
		6ED56DEF289497B50040D2B1 /* sonicSegaUITests */ = {
			isa = PBXGroup;
			children = (
				6ED56DF0289497B50040D2B1 /* sonicSegaUITests.swift */,
				6ED56DF2289497B50040D2B1 /* sonicSegaUITestsLaunchTests.swift */,
			);
			path = sonicSegaUITests;
			sourceTree = "<group>";
		};
		6ED56E052895A41B0040D2B1 /* Views */ = {
			isa = PBXGroup;
			children = (
				6ED56E032895A40E0040D2B1 /* EmeraldsViewController.swift */,
				6ED56E012895A3E50040D2B1 /* ItemsViewController.swift */,
				6ED56DFF2895A3C60040D2B1 /* ActsViewController.swift */,
				6ED56DD0289497AC0040D2B1 /* MainViewController.swift */,
				6EDF2AEE28A19BFD009063C1 /* ActsDetailViewController.swift */,
				6E9844EF289B15C700AC542D /* EmeraldDetailViewController.swift */,
			);
			path = Views;
			sourceTree = "<group>";
		};
		6EDF2AE728A18A6B009063C1 /* Model+Services */ = {
			isa = PBXGroup;
			children = (
				6E9844ED2899E08300AC542D /* EmeraldModel.swift */,
				6EDF2AE528A0616D009063C1 /* Emerald+Service.swift */,
				6EDF2AE828A18AE9009063C1 /* ActsModel.swift */,
				6EDF2AEA28A18B80009063C1 /* Acts+Service.swift */,
			);
			path = "Model+Services";
			sourceTree = "<group>";
		};
/* End PBXGroup section */

/* Begin PBXNativeTarget section */
		6ED56DC8289497AC0040D2B1 /* sonicSega */ = {
			isa = PBXNativeTarget;
			buildConfigurationList = 6ED56DF6289497B50040D2B1 /* Build configuration list for PBXNativeTarget "sonicSega" */;
			buildPhases = (
				6ED56DC5289497AC0040D2B1 /* Sources */,
				6ED56DC6289497AC0040D2B1 /* Frameworks */,
				6ED56DC7289497AC0040D2B1 /* Resources */,
			);
			buildRules = (
			);
			dependencies = (
			);
			name = sonicSega;
			productName = sonicSega;
			productReference = 6ED56DC9289497AC0040D2B1 /* sonicSega.app */;
			productType = "com.apple.product-type.application";
		};
		6ED56DE1289497B40040D2B1 /* sonicSegaTests */ = {
			isa = PBXNativeTarget;
			buildConfigurationList = 6ED56DF9289497B50040D2B1 /* Build configuration list for PBXNativeTarget "sonicSegaTests" */;
			buildPhases = (
				6ED56DDE289497B40040D2B1 /* Sources */,
				6ED56DDF289497B40040D2B1 /* Frameworks */,
				6ED56DE0289497B40040D2B1 /* Resources */,
			);
			buildRules = (
			);
			dependencies = (
				6ED56DE4289497B40040D2B1 /* PBXTargetDependency */,
			);
			name = sonicSegaTests;
			productName = sonicSegaTests;
			productReference = 6ED56DE2289497B40040D2B1 /* sonicSegaTests.xctest */;
			productType = "com.apple.product-type.bundle.unit-test";
		};
		6ED56DEB289497B50040D2B1 /* sonicSegaUITests */ = {
			isa = PBXNativeTarget;
			buildConfigurationList = 6ED56DFC289497B50040D2B1 /* Build configuration list for PBXNativeTarget "sonicSegaUITests" */;
			buildPhases = (
				6ED56DE8289497B50040D2B1 /* Sources */,
				6ED56DE9289497B50040D2B1 /* Frameworks */,
				6ED56DEA289497B50040D2B1 /* Resources */,
			);
			buildRules = (
			);
			dependencies = (
				6ED56DEE289497B50040D2B1 /* PBXTargetDependency */,
			);
			name = sonicSegaUITests;
			productName = sonicSegaUITests;
			productReference = 6ED56DEC289497B50040D2B1 /* sonicSegaUITests.xctest */;
			productType = "com.apple.product-type.bundle.ui-testing";
		};
/* End PBXNativeTarget section */

/* Begin PBXProject section */
		6ED56DC1289497AB0040D2B1 /* Project object */ = {
			isa = PBXProject;
			attributes = {
				BuildIndependentTargetsInParallel = 1;
				LastSwiftUpdateCheck = 1320;
				LastUpgradeCheck = 1320;
				TargetAttributes = {
					6ED56DC8289497AC0040D2B1 = {
						CreatedOnToolsVersion = 13.2.1;
					};
					6ED56DE1289497B40040D2B1 = {
						CreatedOnToolsVersion = 13.2.1;
						TestTargetID = 6ED56DC8289497AC0040D2B1;
					};
					6ED56DEB289497B50040D2B1 = {
						CreatedOnToolsVersion = 13.2.1;
						TestTargetID = 6ED56DC8289497AC0040D2B1;
					};
				};
			};
			buildConfigurationList = 6ED56DC4289497AB0040D2B1 /* Build configuration list for PBXProject "sonicSega" */;
			compatibilityVersion = "Xcode 13.0";
			developmentRegion = en;
			hasScannedForEncodings = 0;
			knownRegions = (
				en,
				Base,
			);
			mainGroup = 6ED56DC0289497AB0040D2B1;
			productRefGroup = 6ED56DCA289497AC0040D2B1 /* Products */;
			projectDirPath = "";
			projectRoot = "";
			targets = (
				6ED56DC8289497AC0040D2B1 /* sonicSega */,
				6ED56DE1289497B40040D2B1 /* sonicSegaTests */,
				6ED56DEB289497B50040D2B1 /* sonicSegaUITests */,
			);
		};
/* End PBXProject section */

/* Begin PBXResourcesBuildPhase section */
		6ED56DC7289497AC0040D2B1 /* Resources */ = {
			isa = PBXResourcesBuildPhase;
			buildActionMask = 2147483647;
			files = (
				6ED56DDC289497B40040D2B1 /* LaunchScreen.storyboard in Resources */,
				6ED56DD9289497B40040D2B1 /* Assets.xcassets in Resources */,
				6ED56DD4289497AC0040D2B1 /* Main.storyboard in Resources */,
			);
			runOnlyForDeploymentPostprocessing = 0;
		};
		6ED56DE0289497B40040D2B1 /* Resources */ = {
			isa = PBXResourcesBuildPhase;
			buildActionMask = 2147483647;
			files = (
			);
			runOnlyForDeploymentPostprocessing = 0;
		};
		6ED56DEA289497B50040D2B1 /* Resources */ = {
			isa = PBXResourcesBuildPhase;
			buildActionMask = 2147483647;
			files = (
			);
			runOnlyForDeploymentPostprocessing = 0;
		};
/* End PBXResourcesBuildPhase section */

/* Begin PBXSourcesBuildPhase section */
		6ED56DC5289497AC0040D2B1 /* Sources */ = {
			isa = PBXSourcesBuildPhase;
			buildActionMask = 2147483647;
			files = (
				6ED56E002895A3C60040D2B1 /* ActsViewController.swift in Sources */,
				6ED56E042895A40E0040D2B1 /* EmeraldsViewController.swift in Sources */,
				6E9844F0289B15C800AC542D /* EmeraldDetailViewController.swift in Sources */,
				6ED56E022895A3E50040D2B1 /* ItemsViewController.swift in Sources */,
				6E9844EE2899E08300AC542D /* EmeraldModel.swift in Sources */,
				6ED56DD1289497AC0040D2B1 /* MainViewController.swift in Sources */,
				6ED56DCD289497AC0040D2B1 /* AppDelegate.swift in Sources */,
				6ED56DD7289497AC0040D2B1 /* sonicSega.xcdatamodeld in Sources */,
				6E9844EC2899DFC800AC542D /* EmeraldTableViewTableViewCell.swift in Sources */,
				6EDF2AE628A0616D009063C1 /* Emerald+Service.swift in Sources */,
				6EDF2AE928A18AE9009063C1 /* ActsModel.swift in Sources */,
				6EDF2AEB28A18B80009063C1 /* Acts+Service.swift in Sources */,
				6EDF2AEF28A19BFD009063C1 /* ActsDetailViewController.swift in Sources */,
				6EDF2AED28A195AD009063C1 /* ActsTableViewCell.swift in Sources */,
				6ED56DCF289497AC0040D2B1 /* SceneDelegate.swift in Sources */,
			);
			runOnlyForDeploymentPostprocessing = 0;
		};
		6ED56DDE289497B40040D2B1 /* Sources */ = {
			isa = PBXSourcesBuildPhase;
			buildActionMask = 2147483647;
			files = (
				6ED56DE7289497B40040D2B1 /* sonicSegaTests.swift in Sources */,
			);
			runOnlyForDeploymentPostprocessing = 0;
		};
		6ED56DE8289497B50040D2B1 /* Sources */ = {
			isa = PBXSourcesBuildPhase;
			buildActionMask = 2147483647;
			files = (
				6ED56DF1289497B50040D2B1 /* sonicSegaUITests.swift in Sources */,
				6ED56DF3289497B50040D2B1 /* sonicSegaUITestsLaunchTests.swift in Sources */,
			);
			runOnlyForDeploymentPostprocessing = 0;
		};
/* End PBXSourcesBuildPhase section */

/* Begin PBXTargetDependency section */
		6ED56DE4289497B40040D2B1 /* PBXTargetDependency */ = {
			isa = PBXTargetDependency;
			target = 6ED56DC8289497AC0040D2B1 /* sonicSega */;
			targetProxy = 6ED56DE3289497B40040D2B1 /* PBXContainerItemProxy */;
		};
		6ED56DEE289497B50040D2B1 /* PBXTargetDependency */ = {
			isa = PBXTargetDependency;
			target = 6ED56DC8289497AC0040D2B1 /* sonicSega */;
			targetProxy = 6ED56DED289497B50040D2B1 /* PBXContainerItemProxy */;
		};
/* End PBXTargetDependency section */

/* Begin PBXVariantGroup section */
		6ED56DD2289497AC0040D2B1 /* Main.storyboard */ = {
			isa = PBXVariantGroup;
			children = (
				6ED56DD3289497AC0040D2B1 /* Base */,
			);
			name = Main.storyboard;
			sourceTree = "<group>";
		};
		6ED56DDA289497B40040D2B1 /* LaunchScreen.storyboard */ = {
			isa = PBXVariantGroup;
			children = (
				6ED56DDB289497B40040D2B1 /* Base */,
			);
			name = LaunchScreen.storyboard;
			sourceTree = "<group>";
		};
/* End PBXVariantGroup section */

/* Begin XCBuildConfiguration section */
		6ED56DF4289497B50040D2B1 /* Debug */ = {
			isa = XCBuildConfiguration;
			buildSettings = {
				ALWAYS_SEARCH_USER_PATHS = NO;
				CLANG_ANALYZER_NONNULL = YES;
				CLANG_ANALYZER_NUMBER_OBJECT_CONVERSION = YES_AGGRESSIVE;
				CLANG_CXX_LANGUAGE_STANDARD = "gnu++17";
				CLANG_CXX_LIBRARY = "libc++";
				CLANG_ENABLE_MODULES = YES;
				CLANG_ENABLE_OBJC_ARC = YES;
				CLANG_ENABLE_OBJC_WEAK = YES;
				CLANG_WARN_BLOCK_CAPTURE_AUTORELEASING = YES;
				CLANG_WARN_BOOL_CONVERSION = YES;
				CLANG_WARN_COMMA = YES;
				CLANG_WARN_CONSTANT_CONVERSION = YES;
				CLANG_WARN_DEPRECATED_OBJC_IMPLEMENTATIONS = YES;
				CLANG_WARN_DIRECT_OBJC_ISA_USAGE = YES_ERROR;
				CLANG_WARN_DOCUMENTATION_COMMENTS = YES;
				CLANG_WARN_EMPTY_BODY = YES;
				CLANG_WARN_ENUM_CONVERSION = YES;
				CLANG_WARN_INFINITE_RECURSION = YES;
				CLANG_WARN_INT_CONVERSION = YES;
				CLANG_WARN_NON_LITERAL_NULL_CONVERSION = YES;
				CLANG_WARN_OBJC_IMPLICIT_RETAIN_SELF = YES;
				CLANG_WARN_OBJC_LITERAL_CONVERSION = YES;
				CLANG_WARN_OBJC_ROOT_CLASS = YES_ERROR;
				CLANG_WARN_QUOTED_INCLUDE_IN_FRAMEWORK_HEADER = YES;
				CLANG_WARN_RANGE_LOOP_ANALYSIS = YES;
				CLANG_WARN_STRICT_PROTOTYPES = YES;
				CLANG_WARN_SUSPICIOUS_MOVE = YES;
				CLANG_WARN_UNGUARDED_AVAILABILITY = YES_AGGRESSIVE;
				CLANG_WARN_UNREACHABLE_CODE = YES;
				CLANG_WARN__DUPLICATE_METHOD_MATCH = YES;
				COPY_PHASE_STRIP = NO;
				DEBUG_INFORMATION_FORMAT = dwarf;
				ENABLE_STRICT_OBJC_MSGSEND = YES;
				ENABLE_TESTABILITY = YES;
				GCC_C_LANGUAGE_STANDARD = gnu11;
				GCC_DYNAMIC_NO_PIC = NO;
				GCC_NO_COMMON_BLOCKS = YES;
				GCC_OPTIMIZATION_LEVEL = 0;
				GCC_PREPROCESSOR_DEFINITIONS = (
					"DEBUG=1",
					"$(inherited)",
				);
				GCC_WARN_64_TO_32_BIT_CONVERSION = YES;
				GCC_WARN_ABOUT_RETURN_TYPE = YES_ERROR;
				GCC_WARN_UNDECLARED_SELECTOR = YES;
				GCC_WARN_UNINITIALIZED_AUTOS = YES_AGGRESSIVE;
				GCC_WARN_UNUSED_FUNCTION = YES;
				GCC_WARN_UNUSED_VARIABLE = YES;
				IPHONEOS_DEPLOYMENT_TARGET = 15.2;
				MTL_ENABLE_DEBUG_INFO = INCLUDE_SOURCE;
				MTL_FAST_MATH = YES;
				ONLY_ACTIVE_ARCH = YES;
				SDKROOT = iphoneos;
				SWIFT_ACTIVE_COMPILATION_CONDITIONS = DEBUG;
				SWIFT_OPTIMIZATION_LEVEL = "-Onone";
			};
			name = Debug;
		};
		6ED56DF5289497B50040D2B1 /* Release */ = {
			isa = XCBuildConfiguration;
			buildSettings = {
				ALWAYS_SEARCH_USER_PATHS = NO;
				CLANG_ANALYZER_NONNULL = YES;
				CLANG_ANALYZER_NUMBER_OBJECT_CONVERSION = YES_AGGRESSIVE;
				CLANG_CXX_LANGUAGE_STANDARD = "gnu++17";
				CLANG_CXX_LIBRARY = "libc++";
				CLANG_ENABLE_MODULES = YES;
				CLANG_ENABLE_OBJC_ARC = YES;
				CLANG_ENABLE_OBJC_WEAK = YES;
				CLANG_WARN_BLOCK_CAPTURE_AUTORELEASING = YES;
				CLANG_WARN_BOOL_CONVERSION = YES;
				CLANG_WARN_COMMA = YES;
				CLANG_WARN_CONSTANT_CONVERSION = YES;
				CLANG_WARN_DEPRECATED_OBJC_IMPLEMENTATIONS = YES;
				CLANG_WARN_DIRECT_OBJC_ISA_USAGE = YES_ERROR;
				CLANG_WARN_DOCUMENTATION_COMMENTS = YES;
				CLANG_WARN_EMPTY_BODY = YES;
				CLANG_WARN_ENUM_CONVERSION = YES;
				CLANG_WARN_INFINITE_RECURSION = YES;
				CLANG_WARN_INT_CONVERSION = YES;
				CLANG_WARN_NON_LITERAL_NULL_CONVERSION = YES;
				CLANG_WARN_OBJC_IMPLICIT_RETAIN_SELF = YES;
				CLANG_WARN_OBJC_LITERAL_CONVERSION = YES;
				CLANG_WARN_OBJC_ROOT_CLASS = YES_ERROR;
				CLANG_WARN_QUOTED_INCLUDE_IN_FRAMEWORK_HEADER = YES;
				CLANG_WARN_RANGE_LOOP_ANALYSIS = YES;
				CLANG_WARN_STRICT_PROTOTYPES = YES;
				CLANG_WARN_SUSPICIOUS_MOVE = YES;
				CLANG_WARN_UNGUARDED_AVAILABILITY = YES_AGGRESSIVE;
				CLANG_WARN_UNREACHABLE_CODE = YES;
				CLANG_WARN__DUPLICATE_METHOD_MATCH = YES;
				COPY_PHASE_STRIP = NO;
				DEBUG_INFORMATION_FORMAT = "dwarf-with-dsym";
				ENABLE_NS_ASSERTIONS = NO;
				ENABLE_STRICT_OBJC_MSGSEND = YES;
				GCC_C_LANGUAGE_STANDARD = gnu11;
				GCC_NO_COMMON_BLOCKS = YES;
				GCC_WARN_64_TO_32_BIT_CONVERSION = YES;
				GCC_WARN_ABOUT_RETURN_TYPE = YES_ERROR;
				GCC_WARN_UNDECLARED_SELECTOR = YES;
				GCC_WARN_UNINITIALIZED_AUTOS = YES_AGGRESSIVE;
				GCC_WARN_UNUSED_FUNCTION = YES;
				GCC_WARN_UNUSED_VARIABLE = YES;
				IPHONEOS_DEPLOYMENT_TARGET = 15.2;
				MTL_ENABLE_DEBUG_INFO = NO;
				MTL_FAST_MATH = YES;
				SDKROOT = iphoneos;
				SWIFT_COMPILATION_MODE = wholemodule;
				SWIFT_OPTIMIZATION_LEVEL = "-O";
				VALIDATE_PRODUCT = YES;
			};
			name = Release;
		};
		6ED56DF7289497B50040D2B1 /* Debug */ = {
			isa = XCBuildConfiguration;
			buildSettings = {
				ASSETCATALOG_COMPILER_APPICON_NAME = AppIcon;
				ASSETCATALOG_COMPILER_GLOBAL_ACCENT_COLOR_NAME = AccentColor;
				CODE_SIGN_STYLE = Automatic;
				CURRENT_PROJECT_VERSION = 1;
				DEVELOPMENT_TEAM = 7ZW426UCNS;
				GENERATE_INFOPLIST_FILE = YES;
				INFOPLIST_FILE = sonicSega/Info.plist;
				INFOPLIST_KEY_UIApplicationSupportsIndirectInputEvents = YES;
				INFOPLIST_KEY_UILaunchStoryboardName = LaunchScreen;
				INFOPLIST_KEY_UIMainStoryboardFile = Main;
				INFOPLIST_KEY_UISupportedInterfaceOrientations_iPad = "UIInterfaceOrientationPortrait UIInterfaceOrientationPortraitUpsideDown UIInterfaceOrientationLandscapeLeft UIInterfaceOrientationLandscapeRight";
				INFOPLIST_KEY_UISupportedInterfaceOrientations_iPhone = "UIInterfaceOrientationPortrait UIInterfaceOrientationLandscapeLeft UIInterfaceOrientationLandscapeRight";
				LD_RUNPATH_SEARCH_PATHS = (
					"$(inherited)",
					"@executable_path/Frameworks",
				);
				MARKETING_VERSION = 1.0;
				PRODUCT_BUNDLE_IDENTIFIER = teste.sonicSega;
				PRODUCT_NAME = "$(TARGET_NAME)";
				SWIFT_EMIT_LOC_STRINGS = YES;
				SWIFT_VERSION = 5.0;
				TARGETED_DEVICE_FAMILY = "1,2";
			};
			name = Debug;
		};
		6ED56DF8289497B50040D2B1 /* Release */ = {
			isa = XCBuildConfiguration;
			buildSettings = {
				ASSETCATALOG_COMPILER_APPICON_NAME = AppIcon;
				ASSETCATALOG_COMPILER_GLOBAL_ACCENT_COLOR_NAME = AccentColor;
				CODE_SIGN_STYLE = Automatic;
				CURRENT_PROJECT_VERSION = 1;
				DEVELOPMENT_TEAM = 7ZW426UCNS;
				GENERATE_INFOPLIST_FILE = YES;
				INFOPLIST_FILE = sonicSega/Info.plist;
				INFOPLIST_KEY_UIApplicationSupportsIndirectInputEvents = YES;
				INFOPLIST_KEY_UILaunchStoryboardName = LaunchScreen;
				INFOPLIST_KEY_UIMainStoryboardFile = Main;
				INFOPLIST_KEY_UISupportedInterfaceOrientations_iPad = "UIInterfaceOrientationPortrait UIInterfaceOrientationPortraitUpsideDown UIInterfaceOrientationLandscapeLeft UIInterfaceOrientationLandscapeRight";
				INFOPLIST_KEY_UISupportedInterfaceOrientations_iPhone = "UIInterfaceOrientationPortrait UIInterfaceOrientationLandscapeLeft UIInterfaceOrientationLandscapeRight";
				LD_RUNPATH_SEARCH_PATHS = (
					"$(inherited)",
					"@executable_path/Frameworks",
				);
				MARKETING_VERSION = 1.0;
				PRODUCT_BUNDLE_IDENTIFIER = teste.sonicSega;
				PRODUCT_NAME = "$(TARGET_NAME)";
				SWIFT_EMIT_LOC_STRINGS = YES;
				SWIFT_VERSION = 5.0;
				TARGETED_DEVICE_FAMILY = "1,2";
			};
			name = Release;
		};
		6ED56DFA289497B50040D2B1 /* Debug */ = {
			isa = XCBuildConfiguration;
			buildSettings = {
				ALWAYS_EMBED_SWIFT_STANDARD_LIBRARIES = YES;
				BUNDLE_LOADER = "$(TEST_HOST)";
				CODE_SIGN_STYLE = Automatic;
				CURRENT_PROJECT_VERSION = 1;
				DEVELOPMENT_TEAM = 7ZW426UCNS;
				GENERATE_INFOPLIST_FILE = YES;
				IPHONEOS_DEPLOYMENT_TARGET = 15.2;
				MARKETING_VERSION = 1.0;
				PRODUCT_BUNDLE_IDENTIFIER = teste.sonicSegaTests;
				PRODUCT_NAME = "$(TARGET_NAME)";
				SWIFT_EMIT_LOC_STRINGS = NO;
				SWIFT_VERSION = 5.0;
				TARGETED_DEVICE_FAMILY = "1,2";
				TEST_HOST = "$(BUILT_PRODUCTS_DIR)/sonicSega.app/sonicSega";
			};
			name = Debug;
		};
		6ED56DFB289497B50040D2B1 /* Release */ = {
			isa = XCBuildConfiguration;
			buildSettings = {
				ALWAYS_EMBED_SWIFT_STANDARD_LIBRARIES = YES;
				BUNDLE_LOADER = "$(TEST_HOST)";
				CODE_SIGN_STYLE = Automatic;
				CURRENT_PROJECT_VERSION = 1;
				DEVELOPMENT_TEAM = 7ZW426UCNS;
				GENERATE_INFOPLIST_FILE = YES;
				IPHONEOS_DEPLOYMENT_TARGET = 15.2;
				MARKETING_VERSION = 1.0;
				PRODUCT_BUNDLE_IDENTIFIER = teste.sonicSegaTests;
				PRODUCT_NAME = "$(TARGET_NAME)";
				SWIFT_EMIT_LOC_STRINGS = NO;
				SWIFT_VERSION = 5.0;
				TARGETED_DEVICE_FAMILY = "1,2";
				TEST_HOST = "$(BUILT_PRODUCTS_DIR)/sonicSega.app/sonicSega";
			};
			name = Release;
		};
		6ED56DFD289497B50040D2B1 /* Debug */ = {
			isa = XCBuildConfiguration;
			buildSettings = {
				ALWAYS_EMBED_SWIFT_STANDARD_LIBRARIES = YES;
				CODE_SIGN_STYLE = Automatic;
				CURRENT_PROJECT_VERSION = 1;
				DEVELOPMENT_TEAM = 7ZW426UCNS;
				GENERATE_INFOPLIST_FILE = YES;
				MARKETING_VERSION = 1.0;
				PRODUCT_BUNDLE_IDENTIFIER = teste.sonicSegaUITests;
				PRODUCT_NAME = "$(TARGET_NAME)";
				SWIFT_EMIT_LOC_STRINGS = NO;
				SWIFT_VERSION = 5.0;
				TARGETED_DEVICE_FAMILY = "1,2";
				TEST_TARGET_NAME = sonicSega;
			};
			name = Debug;
		};
		6ED56DFE289497B50040D2B1 /* Release */ = {
			isa = XCBuildConfiguration;
			buildSettings = {
				ALWAYS_EMBED_SWIFT_STANDARD_LIBRARIES = YES;
				CODE_SIGN_STYLE = Automatic;
				CURRENT_PROJECT_VERSION = 1;
				DEVELOPMENT_TEAM = 7ZW426UCNS;
				GENERATE_INFOPLIST_FILE = YES;
				MARKETING_VERSION = 1.0;
				PRODUCT_BUNDLE_IDENTIFIER = teste.sonicSegaUITests;
				PRODUCT_NAME = "$(TARGET_NAME)";
				SWIFT_EMIT_LOC_STRINGS = NO;
				SWIFT_VERSION = 5.0;
				TARGETED_DEVICE_FAMILY = "1,2";
				TEST_TARGET_NAME = sonicSega;
			};
			name = Release;
		};
/* End XCBuildConfiguration section */

/* Begin XCConfigurationList section */
		6ED56DC4289497AB0040D2B1 /* Build configuration list for PBXProject "sonicSega" */ = {
			isa = XCConfigurationList;
			buildConfigurations = (
				6ED56DF4289497B50040D2B1 /* Debug */,
				6ED56DF5289497B50040D2B1 /* Release */,
			);
			defaultConfigurationIsVisible = 0;
			defaultConfigurationName = Release;
		};
		6ED56DF6289497B50040D2B1 /* Build configuration list for PBXNativeTarget "sonicSega" */ = {
			isa = XCConfigurationList;
			buildConfigurations = (
				6ED56DF7289497B50040D2B1 /* Debug */,
				6ED56DF8289497B50040D2B1 /* Release */,
			);
			defaultConfigurationIsVisible = 0;
			defaultConfigurationName = Release;
		};
		6ED56DF9289497B50040D2B1 /* Build configuration list for PBXNativeTarget "sonicSegaTests" */ = {
			isa = XCConfigurationList;
			buildConfigurations = (
				6ED56DFA289497B50040D2B1 /* Debug */,
				6ED56DFB289497B50040D2B1 /* Release */,
			);
			defaultConfigurationIsVisible = 0;
			defaultConfigurationName = Release;
		};
		6ED56DFC289497B50040D2B1 /* Build configuration list for PBXNativeTarget "sonicSegaUITests" */ = {
			isa = XCConfigurationList;
			buildConfigurations = (
				6ED56DFD289497B50040D2B1 /* Debug */,
				6ED56DFE289497B50040D2B1 /* Release */,
			);
			defaultConfigurationIsVisible = 0;
			defaultConfigurationName = Release;
		};
/* End XCConfigurationList section */

/* Begin XCVersionGroup section */
		6ED56DD5289497AC0040D2B1 /* sonicSega.xcdatamodeld */ = {
			isa = XCVersionGroup;
			children = (
				6ED56DD6289497AC0040D2B1 /* sonicSega.xcdatamodel */,
			);
			currentVersion = 6ED56DD6289497AC0040D2B1 /* sonicSega.xcdatamodel */;
			path = sonicSega.xcdatamodeld;
			sourceTree = "<group>";
			versionGroupType = wrapper.xcdatamodel;
		};
/* End XCVersionGroup section */
	};
	rootObject = 6ED56DC1289497AB0040D2B1 /* Project object */;
}
